
Microsoft Visual Studio Solution File, Format Version 12.00
# Visual Studio Version 17
VisualStudioVersion = 17.8.34330.188
MinimumVisualStudioVersion = 10.0.40219.1
Project("{9A19103F-16F7-4668-BE54-9A1E7A4F7556}") = "WebApp1", "WebApp1\WebApp1.csproj", "{DE9A88C0-4D23-49BE-B9BA-BAB4F79E9B28}"
EndProject
Global
	GlobalSection(SolutionConfigurationPlatforms) = preSolution
		Debug|Any CPU = Debug|Any CPU
		Release|Any CPU = Release|Any CPU
	EndGlobalSection
	GlobalSection(ProjectConfigurationPlatforms) = postSolution
		{DE9A88C0-4D23-49BE-B9BA-BAB4F79E9B28}.Debug|Any CPU.ActiveCfg = Debug|Any CPU
		{DE9A88C0-4D23-49BE-B9BA-BAB4F79E9B28}.Debug|Any CPU.Build.0 = Debug|Any CPU
		{DE9A88C0-4D23-49BE-B9BA-BAB4F79E9B28}.Release|Any CPU.ActiveCfg = Release|Any CPU
		{DE9A88C0-4D23-49BE-B9BA-BAB4F79E9B28}.Release|Any CPU.Build.0 = Release|Any CPU
	EndGlobalSection
	GlobalSection(SolutionProperties) = preSolution
		HideSolutionNode = FALSE
	EndGlobalSection
	GlobalSection(ExtensibilityGlobals) = postSolution
		SolutionGuid = {7E62C2B7-E510-4C1C-AE54-73EFB24A7062}
	EndGlobalSection
EndGlobal
