
Microsoft Visual Studio Solution File, Format Version 12.00
# Visual Studio Version 17
VisualStudioVersion = 17.8.34330.188
MinimumVisualStudioVersion = 10.0.40219.1
Project("{9A19103F-16F7-4668-BE54-9A1E7A4F7556}") = "WebApp1", "WebApp1\WebApp1.csproj", "{DE9A88C0-4D23-49BE-B9BA-BAB4F79E9B28}"
EndProject
Project("{9A19103F-16F7-4668-BE54-9A1E7A4F7556}") = "WebApp2", "WebApp2\WebApp2.csproj", "{84A2C4FB-1A54-4487-938A-CFFCA29E5A87}"
EndProject
Project("{9A19103F-16F7-4668-BE54-9A1E7A4F7556}") = "WebApp3", "WebApp3\WebApp3.csproj", "{70BDCC97-619D-403E-93F9-1739014F8F47}"
EndProject
Project("{FAE04EC0-301F-11D3-BF4B-00C04F79EFBC}") = "AzureTestApp", "AzureTestApp\AzureTestApp.csproj", "{5C477222-4353-42CE-9072-F580199415F6}"
EndProject
Global
	GlobalSection(SolutionConfigurationPlatforms) = preSolution
		Debug|Any CPU = Debug|Any CPU
		Release|Any CPU = Release|Any CPU
	EndGlobalSection
	GlobalSection(ProjectConfigurationPlatforms) = postSolution
		{DE9A88C0-4D23-49BE-B9BA-BAB4F79E9B28}.Debug|Any CPU.ActiveCfg = Debug|Any CPU
		{DE9A88C0-4D23-49BE-B9BA-BAB4F79E9B28}.Debug|Any CPU.Build.0 = Debug|Any CPU
		{DE9A88C0-4D23-49BE-B9BA-BAB4F79E9B28}.Release|Any CPU.ActiveCfg = Release|Any CPU
		{DE9A88C0-4D23-49BE-B9BA-BAB4F79E9B28}.Release|Any CPU.Build.0 = Release|Any CPU
		{84A2C4FB-1A54-4487-938A-CFFCA29E5A87}.Debug|Any CPU.ActiveCfg = Debug|Any CPU
		{84A2C4FB-1A54-4487-938A-CFFCA29E5A87}.Debug|Any CPU.Build.0 = Debug|Any CPU
		{84A2C4FB-1A54-4487-938A-CFFCA29E5A87}.Release|Any CPU.ActiveCfg = Release|Any CPU
		{84A2C4FB-1A54-4487-938A-CFFCA29E5A87}.Release|Any CPU.Build.0 = Release|Any CPU
		{70BDCC97-619D-403E-93F9-1739014F8F47}.Debug|Any CPU.ActiveCfg = Debug|Any CPU
		{70BDCC97-619D-403E-93F9-1739014F8F47}.Debug|Any CPU.Build.0 = Debug|Any CPU
		{70BDCC97-619D-403E-93F9-1739014F8F47}.Release|Any CPU.ActiveCfg = Release|Any CPU
		{70BDCC97-619D-403E-93F9-1739014F8F47}.Release|Any CPU.Build.0 = Release|Any CPU
		{5C477222-4353-42CE-9072-F580199415F6}.Debug|Any CPU.ActiveCfg = Debug|Any CPU
		{5C477222-4353-42CE-9072-F580199415F6}.Debug|Any CPU.Build.0 = Debug|Any CPU
		{5C477222-4353-42CE-9072-F580199415F6}.Release|Any CPU.ActiveCfg = Release|Any CPU
		{5C477222-4353-42CE-9072-F580199415F6}.Release|Any CPU.Build.0 = Release|Any CPU
	EndGlobalSection
	GlobalSection(SolutionProperties) = preSolution
		HideSolutionNode = FALSE
	EndGlobalSection
	GlobalSection(ExtensibilityGlobals) = postSolution
		SolutionGuid = {7E62C2B7-E510-4C1C-AE54-73EFB24A7062}
	EndGlobalSection
EndGlobal
